
Microsoft Visual Studio Solution File, Format Version 11.00
# Visual Studio 2010
Project("{FAE04EC0-301F-11D3-BF4B-00C04F79EFBC}") = "DoubleKiller_Test", "DoubleKiller_Test\DoubleKiller_Test.csproj", "{08381440-EB0F-4C0B-B9B0-7062C4A042AA}"
EndProject
Global
	GlobalSection(SolutionConfigurationPlatforms) = preSolution
		Debug|x86 = Debug|x86
		Release|x86 = Release|x86
	EndGlobalSection
	GlobalSection(ProjectConfigurationPlatforms) = postSolution
		{08381440-EB0F-4C0B-B9B0-7062C4A042AA}.Debug|x86.ActiveCfg = Debug|x86
		{08381440-EB0F-4C0B-B9B0-7062C4A042AA}.Debug|x86.Build.0 = Debug|x86
		{08381440-EB0F-4C0B-B9B0-7062C4A042AA}.Release|x86.ActiveCfg = Release|x86
		{08381440-EB0F-4C0B-B9B0-7062C4A042AA}.Release|x86.Build.0 = Release|x86
	EndGlobalSection
	GlobalSection(SolutionProperties) = preSolution
		HideSolutionNode = FALSE
	EndGlobalSection
EndGlobal
