
Microsoft Visual Studio Solution File, Format Version 10.00
# Visual Studio 2008
Project("{8BC9CEB8-8B4A-11D0-8D11-00A0C91BC942}") = "NK1046", "NK1046\NK1046.vcproj", "{DB368700-2492-4A24-86D3-0B2DE08E150F}"
EndProject
Global
	GlobalSection(SolutionConfigurationPlatforms) = preSolution
		Debug|Win32 = Debug|Win32
		Release|Win32 = Release|Win32
	EndGlobalSection
	GlobalSection(ProjectConfigurationPlatforms) = postSolution
		{DB368700-2492-4A24-86D3-0B2DE08E150F}.Debug|Win32.ActiveCfg = Debug|Win32
		{DB368700-2492-4A24-86D3-0B2DE08E150F}.Debug|Win32.Build.0 = Debug|Win32
		{DB368700-2492-4A24-86D3-0B2DE08E150F}.Release|Win32.ActiveCfg = Release|Win32
		{DB368700-2492-4A24-86D3-0B2DE08E150F}.Release|Win32.Build.0 = Release|Win32
	EndGlobalSection
	GlobalSection(SolutionProperties) = preSolution
		HideSolutionNode = FALSE
	EndGlobalSection
EndGlobal
