
Microsoft Visual Studio Solution File, Format Version 10.00
# Visual Studio 2008
Project("{FAE04EC0-301F-11D3-BF4B-00C04F79EFBC}") = "FlashPlayer_CS", "FlashPlayer_CS\FlashPlayer_CS.csproj", "{47144F4D-2921-466A-8847-346D7CD9FF3D}"
EndProject
Global
	GlobalSection(SolutionConfigurationPlatforms) = preSolution
		Debug|Any CPU = Debug|Any CPU
		Debug|x86 = Debug|x86
		Release|Any CPU = Release|Any CPU
		Release|x86 = Release|x86
	EndGlobalSection
	GlobalSection(ProjectConfigurationPlatforms) = postSolution
		{47144F4D-2921-466A-8847-346D7CD9FF3D}.Debug|Any CPU.ActiveCfg = Debug|Any CPU
		{47144F4D-2921-466A-8847-346D7CD9FF3D}.Debug|Any CPU.Build.0 = Debug|Any CPU
		{47144F4D-2921-466A-8847-346D7CD9FF3D}.Debug|x86.ActiveCfg = Debug|x86
		{47144F4D-2921-466A-8847-346D7CD9FF3D}.Debug|x86.Build.0 = Debug|x86
		{47144F4D-2921-466A-8847-346D7CD9FF3D}.Release|Any CPU.ActiveCfg = Release|Any CPU
		{47144F4D-2921-466A-8847-346D7CD9FF3D}.Release|Any CPU.Build.0 = Release|Any CPU
		{47144F4D-2921-466A-8847-346D7CD9FF3D}.Release|x86.ActiveCfg = Release|x86
		{47144F4D-2921-466A-8847-346D7CD9FF3D}.Release|x86.Build.0 = Release|x86
	EndGlobalSection
	GlobalSection(SolutionProperties) = preSolution
		HideSolutionNode = FALSE
	EndGlobalSection
EndGlobal
