
Microsoft Visual Studio Solution File, Format Version 10.00
# Visual Studio 2008
Project("{FAE04EC0-301F-11D3-BF4B-00C04F79EFBC}") = "DOSSTONED(For Personal Use)", "DOSSTONED(For Personal Use)\DOSSTONED(For Personal Use).csproj", "{461603A1-3977-491D-8F9E-895870C0397F}"
EndProject
Global
	GlobalSection(SolutionConfigurationPlatforms) = preSolution
		Debug|Any CPU = Debug|Any CPU
		Debug|x64 = Debug|x64
		Release|Any CPU = Release|Any CPU
		Release|x64 = Release|x64
	EndGlobalSection
	GlobalSection(ProjectConfigurationPlatforms) = postSolution
		{461603A1-3977-491D-8F9E-895870C0397F}.Debug|Any CPU.ActiveCfg = Debug|Any CPU
		{461603A1-3977-491D-8F9E-895870C0397F}.Debug|Any CPU.Build.0 = Debug|Any CPU
		{461603A1-3977-491D-8F9E-895870C0397F}.Debug|x64.ActiveCfg = Debug|x64
		{461603A1-3977-491D-8F9E-895870C0397F}.Debug|x64.Build.0 = Debug|x64
		{461603A1-3977-491D-8F9E-895870C0397F}.Release|Any CPU.ActiveCfg = Release|Any CPU
		{461603A1-3977-491D-8F9E-895870C0397F}.Release|Any CPU.Build.0 = Release|Any CPU
		{461603A1-3977-491D-8F9E-895870C0397F}.Release|x64.ActiveCfg = Release|x64
		{461603A1-3977-491D-8F9E-895870C0397F}.Release|x64.Build.0 = Release|x64
	EndGlobalSection
	GlobalSection(SolutionProperties) = preSolution
		HideSolutionNode = FALSE
	EndGlobalSection
EndGlobal
