
Microsoft Visual Studio Solution File, Format Version 10.00
# Visual Studio 2008
Project("{FAE04EC0-301F-11D3-BF4B-00C04F79EFBC}") = "CS_P2P_Chat_V6", "CS_P2P_Chat_V6\CS_P2P_Chat_V6.csproj", "{9FC79BC1-BC01-49FE-ADE1-1D24BE7FB85D}"
EndProject
Global
	GlobalSection(SolutionConfigurationPlatforms) = preSolution
		Debug|Any CPU = Debug|Any CPU
		Release|Any CPU = Release|Any CPU
	EndGlobalSection
	GlobalSection(ProjectConfigurationPlatforms) = postSolution
		{9FC79BC1-BC01-49FE-ADE1-1D24BE7FB85D}.Debug|Any CPU.ActiveCfg = Debug|Any CPU
		{9FC79BC1-BC01-49FE-ADE1-1D24BE7FB85D}.Debug|Any CPU.Build.0 = Debug|Any CPU
		{9FC79BC1-BC01-49FE-ADE1-1D24BE7FB85D}.Release|Any CPU.ActiveCfg = Release|Any CPU
		{9FC79BC1-BC01-49FE-ADE1-1D24BE7FB85D}.Release|Any CPU.Build.0 = Release|Any CPU
	EndGlobalSection
	GlobalSection(SolutionProperties) = preSolution
		HideSolutionNode = FALSE
	EndGlobalSection
EndGlobal
