
Microsoft Visual Studio Solution File, Format Version 10.00
# Visual Studio 2008
Project("{8BC9CEB8-8B4A-11D0-8D11-00A0C91BC942}") = "NK1053", "NK1053\NK1053.vcproj", "{2041CD23-25EA-4960-BD84-81B226B1D796}"
EndProject
Global
	GlobalSection(SolutionConfigurationPlatforms) = preSolution
		Debug|Win32 = Debug|Win32
		Release|Win32 = Release|Win32
	EndGlobalSection
	GlobalSection(ProjectConfigurationPlatforms) = postSolution
		{2041CD23-25EA-4960-BD84-81B226B1D796}.Debug|Win32.ActiveCfg = Debug|Win32
		{2041CD23-25EA-4960-BD84-81B226B1D796}.Debug|Win32.Build.0 = Debug|Win32
		{2041CD23-25EA-4960-BD84-81B226B1D796}.Release|Win32.ActiveCfg = Release|Win32
		{2041CD23-25EA-4960-BD84-81B226B1D796}.Release|Win32.Build.0 = Release|Win32
	EndGlobalSection
	GlobalSection(SolutionProperties) = preSolution
		HideSolutionNode = FALSE
	EndGlobalSection
EndGlobal
