
Microsoft Visual Studio Solution File, Format Version 11.00
# Visual Studio 2010
Project("{FAE04EC0-301F-11D3-BF4B-00C04F79EFBC}") = "powerpolicy", "powerpolicy\powerpolicy.csproj", "{CE7A413C-78E8-4D45-8597-D56FCA33F6D2}"
EndProject
Project("{FAE04EC0-301F-11D3-BF4B-00C04F79EFBC}") = "Powerplan_AutoChange", "Powerplan_AutoChange\Powerplan_AutoChange.csproj", "{5B7BC9F1-2F93-49CD-A086-7E732FF14EA0}"
EndProject
Project("{FAE04EC0-301F-11D3-BF4B-00C04F79EFBC}") = "ConsoleTest", "ConsoleTest\ConsoleTest.csproj", "{F19DA850-42DF-47D1-AFCD-8C3FE0C03072}"
EndProject
Global
	GlobalSection(SolutionConfigurationPlatforms) = preSolution
		Debug|x64 = Debug|x64
		Debug|x86 = Debug|x86
		Release|x64 = Release|x64
		Release|x86 = Release|x86
	EndGlobalSection
	GlobalSection(ProjectConfigurationPlatforms) = postSolution
		{CE7A413C-78E8-4D45-8597-D56FCA33F6D2}.Debug|x64.ActiveCfg = Debug|x64
		{CE7A413C-78E8-4D45-8597-D56FCA33F6D2}.Debug|x86.ActiveCfg = Debug|x86
		{CE7A413C-78E8-4D45-8597-D56FCA33F6D2}.Release|x64.ActiveCfg = Release|x64
		{CE7A413C-78E8-4D45-8597-D56FCA33F6D2}.Release|x86.ActiveCfg = Release|x86
		{CE7A413C-78E8-4D45-8597-D56FCA33F6D2}.Release|x86.Build.0 = Release|x86
		{5B7BC9F1-2F93-49CD-A086-7E732FF14EA0}.Debug|x64.ActiveCfg = Debug|x64
		{5B7BC9F1-2F93-49CD-A086-7E732FF14EA0}.Debug|x64.Build.0 = Debug|x64
		{5B7BC9F1-2F93-49CD-A086-7E732FF14EA0}.Debug|x86.ActiveCfg = Debug|x86
		{5B7BC9F1-2F93-49CD-A086-7E732FF14EA0}.Debug|x86.Build.0 = Debug|x86
		{5B7BC9F1-2F93-49CD-A086-7E732FF14EA0}.Release|x64.ActiveCfg = Release|x64
		{5B7BC9F1-2F93-49CD-A086-7E732FF14EA0}.Release|x64.Build.0 = Release|x64
		{5B7BC9F1-2F93-49CD-A086-7E732FF14EA0}.Release|x86.ActiveCfg = Release|x86
		{5B7BC9F1-2F93-49CD-A086-7E732FF14EA0}.Release|x86.Build.0 = Release|x86
		{F19DA850-42DF-47D1-AFCD-8C3FE0C03072}.Debug|x64.ActiveCfg = Debug|x64
		{F19DA850-42DF-47D1-AFCD-8C3FE0C03072}.Debug|x64.Build.0 = Debug|x64
		{F19DA850-42DF-47D1-AFCD-8C3FE0C03072}.Debug|x86.ActiveCfg = Debug|x86
		{F19DA850-42DF-47D1-AFCD-8C3FE0C03072}.Debug|x86.Build.0 = Debug|x86
		{F19DA850-42DF-47D1-AFCD-8C3FE0C03072}.Release|x64.ActiveCfg = Release|x86
		{F19DA850-42DF-47D1-AFCD-8C3FE0C03072}.Release|x86.ActiveCfg = Release|x86
		{F19DA850-42DF-47D1-AFCD-8C3FE0C03072}.Release|x86.Build.0 = Release|x86
	EndGlobalSection
	GlobalSection(SolutionProperties) = preSolution
		HideSolutionNode = FALSE
	EndGlobalSection
EndGlobal
