
Microsoft Visual Studio Solution File, Format Version 10.00
# Visual Studio 2008
Project("{FAE04EC0-301F-11D3-BF4B-00C04F79EFBC}") = "EventLog_CS_Form", "EventLog_CS_Form\EventLog_CS_Form.csproj", "{B3BF0ABA-8212-44CE-9029-A20FC6AE153A}"
EndProject
Global
	GlobalSection(SolutionConfigurationPlatforms) = preSolution
		Debug|Any CPU = Debug|Any CPU
		Release|Any CPU = Release|Any CPU
	EndGlobalSection
	GlobalSection(ProjectConfigurationPlatforms) = postSolution
		{B3BF0ABA-8212-44CE-9029-A20FC6AE153A}.Debug|Any CPU.ActiveCfg = Debug|Any CPU
		{B3BF0ABA-8212-44CE-9029-A20FC6AE153A}.Debug|Any CPU.Build.0 = Debug|Any CPU
		{B3BF0ABA-8212-44CE-9029-A20FC6AE153A}.Release|Any CPU.ActiveCfg = Release|Any CPU
		{B3BF0ABA-8212-44CE-9029-A20FC6AE153A}.Release|Any CPU.Build.0 = Release|Any CPU
	EndGlobalSection
	GlobalSection(SolutionProperties) = preSolution
		HideSolutionNode = FALSE
	EndGlobalSection
EndGlobal
