
Microsoft Visual Studio Solution File, Format Version 10.00
# Visual Studio 2008
Project("{FAE04EC0-301F-11D3-BF4B-00C04F79EFBC}") = "TestCS", "TestCS\TestCS.csproj", "{EA0862E0-23FA-442D-9CD7-E4F61811D743}"
EndProject
Global
	GlobalSection(SolutionConfigurationPlatforms) = preSolution
		Debug|Any CPU = Debug|Any CPU
		Debug|x64 = Debug|x64
		Release|Any CPU = Release|Any CPU
		Release|x64 = Release|x64
	EndGlobalSection
	GlobalSection(ProjectConfigurationPlatforms) = postSolution
		{EA0862E0-23FA-442D-9CD7-E4F61811D743}.Debug|Any CPU.ActiveCfg = Debug|Any CPU
		{EA0862E0-23FA-442D-9CD7-E4F61811D743}.Debug|Any CPU.Build.0 = Debug|Any CPU
		{EA0862E0-23FA-442D-9CD7-E4F61811D743}.Debug|x64.ActiveCfg = Debug|x64
		{EA0862E0-23FA-442D-9CD7-E4F61811D743}.Debug|x64.Build.0 = Debug|x64
		{EA0862E0-23FA-442D-9CD7-E4F61811D743}.Release|Any CPU.ActiveCfg = Release|Any CPU
		{EA0862E0-23FA-442D-9CD7-E4F61811D743}.Release|Any CPU.Build.0 = Release|Any CPU
		{EA0862E0-23FA-442D-9CD7-E4F61811D743}.Release|x64.ActiveCfg = Release|x64
		{EA0862E0-23FA-442D-9CD7-E4F61811D743}.Release|x64.Build.0 = Release|x64
	EndGlobalSection
	GlobalSection(SolutionProperties) = preSolution
		HideSolutionNode = FALSE
	EndGlobalSection
EndGlobal
