
Microsoft Visual Studio Solution File, Format Version 12.00
# Visual Studio 2012
Project("{FAE04EC0-301F-11D3-BF4B-00C04F79EFBC}") = "DES", "DES\DES.csproj", "{076F8089-2BBF-41EA-944C-29EE664015F0}"
EndProject
Project("{FAE04EC0-301F-11D3-BF4B-00C04F79EFBC}") = "DES File Handle", "DES File Handle\DES File Handle.csproj", "{1B3BCE49-2767-408A-83CC-6DDD6E19A88A}"
EndProject
Project("{FAE04EC0-301F-11D3-BF4B-00C04F79EFBC}") = "FileCompare", "ConsoleApplication1\FileCompare.csproj", "{86DCE5AF-1270-473A-A33E-B4C2C0330E74}"
EndProject
Project("{FAE04EC0-301F-11D3-BF4B-00C04F79EFBC}") = "findprime", "findprime\findprime.csproj", "{9C36417A-97AA-41C2-8875-3980C1471EDE}"
EndProject
Project("{FAE04EC0-301F-11D3-BF4B-00C04F79EFBC}") = "tables", "tables\tables.csproj", "{4ED10862-EAC1-41E7-A7AA-1F25901FA044}"
EndProject
Project("{FAE04EC0-301F-11D3-BF4B-00C04F79EFBC}") = "E11", "E11\E11.csproj", "{A62C5FDE-019B-420A-8775-3698F0B44030}"
EndProject
Global
	GlobalSection(SolutionConfigurationPlatforms) = preSolution
		Debug|Any CPU = Debug|Any CPU
		Release|Any CPU = Release|Any CPU
	EndGlobalSection
	GlobalSection(ProjectConfigurationPlatforms) = postSolution
		{076F8089-2BBF-41EA-944C-29EE664015F0}.Debug|Any CPU.ActiveCfg = Debug|Any CPU
		{076F8089-2BBF-41EA-944C-29EE664015F0}.Debug|Any CPU.Build.0 = Debug|Any CPU
		{076F8089-2BBF-41EA-944C-29EE664015F0}.Release|Any CPU.ActiveCfg = Release|Any CPU
		{076F8089-2BBF-41EA-944C-29EE664015F0}.Release|Any CPU.Build.0 = Release|Any CPU
		{1B3BCE49-2767-408A-83CC-6DDD6E19A88A}.Debug|Any CPU.ActiveCfg = Debug|Any CPU
		{1B3BCE49-2767-408A-83CC-6DDD6E19A88A}.Debug|Any CPU.Build.0 = Debug|Any CPU
		{1B3BCE49-2767-408A-83CC-6DDD6E19A88A}.Release|Any CPU.ActiveCfg = Release|Any CPU
		{1B3BCE49-2767-408A-83CC-6DDD6E19A88A}.Release|Any CPU.Build.0 = Release|Any CPU
		{86DCE5AF-1270-473A-A33E-B4C2C0330E74}.Debug|Any CPU.ActiveCfg = Debug|Any CPU
		{86DCE5AF-1270-473A-A33E-B4C2C0330E74}.Debug|Any CPU.Build.0 = Debug|Any CPU
		{86DCE5AF-1270-473A-A33E-B4C2C0330E74}.Release|Any CPU.ActiveCfg = Release|Any CPU
		{86DCE5AF-1270-473A-A33E-B4C2C0330E74}.Release|Any CPU.Build.0 = Release|Any CPU
		{9C36417A-97AA-41C2-8875-3980C1471EDE}.Debug|Any CPU.ActiveCfg = Debug|Any CPU
		{9C36417A-97AA-41C2-8875-3980C1471EDE}.Debug|Any CPU.Build.0 = Debug|Any CPU
		{9C36417A-97AA-41C2-8875-3980C1471EDE}.Release|Any CPU.ActiveCfg = Release|Any CPU
		{9C36417A-97AA-41C2-8875-3980C1471EDE}.Release|Any CPU.Build.0 = Release|Any CPU
		{4ED10862-EAC1-41E7-A7AA-1F25901FA044}.Debug|Any CPU.ActiveCfg = Debug|Any CPU
		{4ED10862-EAC1-41E7-A7AA-1F25901FA044}.Debug|Any CPU.Build.0 = Debug|Any CPU
		{4ED10862-EAC1-41E7-A7AA-1F25901FA044}.Release|Any CPU.ActiveCfg = Release|Any CPU
		{4ED10862-EAC1-41E7-A7AA-1F25901FA044}.Release|Any CPU.Build.0 = Release|Any CPU
		{A62C5FDE-019B-420A-8775-3698F0B44030}.Debug|Any CPU.ActiveCfg = Debug|Any CPU
		{A62C5FDE-019B-420A-8775-3698F0B44030}.Debug|Any CPU.Build.0 = Debug|Any CPU
		{A62C5FDE-019B-420A-8775-3698F0B44030}.Release|Any CPU.ActiveCfg = Release|Any CPU
		{A62C5FDE-019B-420A-8775-3698F0B44030}.Release|Any CPU.Build.0 = Release|Any CPU
	EndGlobalSection
	GlobalSection(SolutionProperties) = preSolution
		HideSolutionNode = FALSE
	EndGlobalSection
EndGlobal
