
Microsoft Visual Studio Solution File, Format Version 12.00
# Visual Studio 2012
Project("{FAE04EC0-301F-11D3-BF4B-00C04F79EFBC}") = "Metro_Hello", "Metro_Hello\Metro_Hello.csproj", "{290111AB-3C1B-48B4-AC04-B16748E2BE52}"
EndProject
Project("{FAE04EC0-301F-11D3-BF4B-00C04F79EFBC}") = "App1", "App1\App1.csproj", "{226D876A-1922-447C-AFAE-8F9E3CA93CEC}"
EndProject
Global
	GlobalSection(SolutionConfigurationPlatforms) = preSolution
		Debug|ARM = Debug|ARM
		Debug|Any CPU = Debug|Any CPU
		Debug|x64 = Debug|x64
		Debug|x86 = Debug|x86
		Release|ARM = Release|ARM
		Release|Any CPU = Release|Any CPU
		Release|x64 = Release|x64
		Release|x86 = Release|x86
	EndGlobalSection
	GlobalSection(ProjectConfigurationPlatforms) = postSolution
		{226D876A-1922-447C-AFAE-8F9E3CA93CEC}.Debug|ARM.ActiveCfg = Debug|ARM
		{226D876A-1922-447C-AFAE-8F9E3CA93CEC}.Debug|ARM.Build.0 = Debug|ARM
		{226D876A-1922-447C-AFAE-8F9E3CA93CEC}.Debug|ARM.Deploy.0 = Debug|ARM
		{226D876A-1922-447C-AFAE-8F9E3CA93CEC}.Debug|Any CPU.ActiveCfg = Debug|Any CPU
		{226D876A-1922-447C-AFAE-8F9E3CA93CEC}.Debug|Any CPU.Build.0 = Debug|Any CPU
		{226D876A-1922-447C-AFAE-8F9E3CA93CEC}.Debug|Any CPU.Deploy.0 = Debug|Any CPU
		{226D876A-1922-447C-AFAE-8F9E3CA93CEC}.Debug|x64.ActiveCfg = Debug|x64
		{226D876A-1922-447C-AFAE-8F9E3CA93CEC}.Debug|x64.Build.0 = Debug|x64
		{226D876A-1922-447C-AFAE-8F9E3CA93CEC}.Debug|x64.Deploy.0 = Debug|x64
		{226D876A-1922-447C-AFAE-8F9E3CA93CEC}.Debug|x86.ActiveCfg = Debug|x86
		{226D876A-1922-447C-AFAE-8F9E3CA93CEC}.Debug|x86.Build.0 = Debug|x86
		{226D876A-1922-447C-AFAE-8F9E3CA93CEC}.Debug|x86.Deploy.0 = Debug|x86
		{226D876A-1922-447C-AFAE-8F9E3CA93CEC}.Release|ARM.ActiveCfg = Release|ARM
		{226D876A-1922-447C-AFAE-8F9E3CA93CEC}.Release|ARM.Build.0 = Release|ARM
		{226D876A-1922-447C-AFAE-8F9E3CA93CEC}.Release|ARM.Deploy.0 = Release|ARM
		{226D876A-1922-447C-AFAE-8F9E3CA93CEC}.Release|Any CPU.ActiveCfg = Release|Any CPU
		{226D876A-1922-447C-AFAE-8F9E3CA93CEC}.Release|Any CPU.Build.0 = Release|Any CPU
		{226D876A-1922-447C-AFAE-8F9E3CA93CEC}.Release|Any CPU.Deploy.0 = Release|Any CPU
		{226D876A-1922-447C-AFAE-8F9E3CA93CEC}.Release|x64.ActiveCfg = Release|x64
		{226D876A-1922-447C-AFAE-8F9E3CA93CEC}.Release|x64.Build.0 = Release|x64
		{226D876A-1922-447C-AFAE-8F9E3CA93CEC}.Release|x64.Deploy.0 = Release|x64
		{226D876A-1922-447C-AFAE-8F9E3CA93CEC}.Release|x86.ActiveCfg = Release|x86
		{226D876A-1922-447C-AFAE-8F9E3CA93CEC}.Release|x86.Build.0 = Release|x86
		{226D876A-1922-447C-AFAE-8F9E3CA93CEC}.Release|x86.Deploy.0 = Release|x86
		{290111AB-3C1B-48B4-AC04-B16748E2BE52}.Debug|ARM.ActiveCfg = Debug|ARM
		{290111AB-3C1B-48B4-AC04-B16748E2BE52}.Debug|ARM.Build.0 = Debug|ARM
		{290111AB-3C1B-48B4-AC04-B16748E2BE52}.Debug|ARM.Deploy.0 = Debug|ARM
		{290111AB-3C1B-48B4-AC04-B16748E2BE52}.Debug|Any CPU.ActiveCfg = Debug|Any CPU
		{290111AB-3C1B-48B4-AC04-B16748E2BE52}.Debug|x64.ActiveCfg = Debug|x64
		{290111AB-3C1B-48B4-AC04-B16748E2BE52}.Debug|x64.Build.0 = Debug|x64
		{290111AB-3C1B-48B4-AC04-B16748E2BE52}.Debug|x64.Deploy.0 = Debug|x64
		{290111AB-3C1B-48B4-AC04-B16748E2BE52}.Debug|x86.ActiveCfg = Debug|x86
		{290111AB-3C1B-48B4-AC04-B16748E2BE52}.Debug|x86.Build.0 = Debug|x86
		{290111AB-3C1B-48B4-AC04-B16748E2BE52}.Debug|x86.Deploy.0 = Debug|x86
		{290111AB-3C1B-48B4-AC04-B16748E2BE52}.Release|ARM.ActiveCfg = Release|ARM
		{290111AB-3C1B-48B4-AC04-B16748E2BE52}.Release|ARM.Build.0 = Release|ARM
		{290111AB-3C1B-48B4-AC04-B16748E2BE52}.Release|ARM.Deploy.0 = Release|ARM
		{290111AB-3C1B-48B4-AC04-B16748E2BE52}.Release|Any CPU.ActiveCfg = Release|Any CPU
		{290111AB-3C1B-48B4-AC04-B16748E2BE52}.Release|Any CPU.Build.0 = Release|Any CPU
		{290111AB-3C1B-48B4-AC04-B16748E2BE52}.Release|Any CPU.Deploy.0 = Release|Any CPU
		{290111AB-3C1B-48B4-AC04-B16748E2BE52}.Release|x64.ActiveCfg = Release|x64
		{290111AB-3C1B-48B4-AC04-B16748E2BE52}.Release|x64.Build.0 = Release|x64
		{290111AB-3C1B-48B4-AC04-B16748E2BE52}.Release|x64.Deploy.0 = Release|x64
		{290111AB-3C1B-48B4-AC04-B16748E2BE52}.Release|x86.ActiveCfg = Release|x86
		{290111AB-3C1B-48B4-AC04-B16748E2BE52}.Release|x86.Build.0 = Release|x86
		{290111AB-3C1B-48B4-AC04-B16748E2BE52}.Release|x86.Deploy.0 = Release|x86
	EndGlobalSection
	GlobalSection(SolutionProperties) = preSolution
		HideSolutionNode = FALSE
	EndGlobalSection
EndGlobal
