
Microsoft Visual Studio Solution File, Format Version 10.00
# Visual Studio 2008
Project("{8BC9CEB8-8B4A-11D0-8D11-00A0C91BC942}") = "CPP_FORM", "CPP_FORM\CPP_FORM.vcproj", "{59D93B6B-B0A2-443D-88B9-22C64A3BA64B}"
EndProject
Global
	GlobalSection(SolutionConfigurationPlatforms) = preSolution
		Debug|Win32 = Debug|Win32
		Release|Win32 = Release|Win32
	EndGlobalSection
	GlobalSection(ProjectConfigurationPlatforms) = postSolution
		{59D93B6B-B0A2-443D-88B9-22C64A3BA64B}.Debug|Win32.ActiveCfg = Debug|Win32
		{59D93B6B-B0A2-443D-88B9-22C64A3BA64B}.Debug|Win32.Build.0 = Debug|Win32
		{59D93B6B-B0A2-443D-88B9-22C64A3BA64B}.Release|Win32.ActiveCfg = Release|Win32
		{59D93B6B-B0A2-443D-88B9-22C64A3BA64B}.Release|Win32.Build.0 = Release|Win32
	EndGlobalSection
	GlobalSection(SolutionProperties) = preSolution
		HideSolutionNode = FALSE
	EndGlobalSection
EndGlobal
