
Microsoft Visual Studio Solution File, Format Version 11.00
# Visual Studio 2010 Express for Windows Phone
Project("{FAE04EC0-301F-11D3-BF4B-00C04F79EFBC}") = "抉择", "抉择\抉择.csproj", "{77F476F4-0A6D-45AF-BA75-3BEF2CA3EE7B}"
EndProject
Global
	GlobalSection(SolutionConfigurationPlatforms) = preSolution
		Debug|Any CPU = Debug|Any CPU
		Release|Any CPU = Release|Any CPU
	EndGlobalSection
	GlobalSection(ProjectConfigurationPlatforms) = postSolution
		{77F476F4-0A6D-45AF-BA75-3BEF2CA3EE7B}.Debug|Any CPU.ActiveCfg = Debug|Any CPU
		{77F476F4-0A6D-45AF-BA75-3BEF2CA3EE7B}.Debug|Any CPU.Build.0 = Debug|Any CPU
		{77F476F4-0A6D-45AF-BA75-3BEF2CA3EE7B}.Debug|Any CPU.Deploy.0 = Debug|Any CPU
		{77F476F4-0A6D-45AF-BA75-3BEF2CA3EE7B}.Release|Any CPU.ActiveCfg = Release|Any CPU
		{77F476F4-0A6D-45AF-BA75-3BEF2CA3EE7B}.Release|Any CPU.Build.0 = Release|Any CPU
		{77F476F4-0A6D-45AF-BA75-3BEF2CA3EE7B}.Release|Any CPU.Deploy.0 = Release|Any CPU
	EndGlobalSection
	GlobalSection(SolutionProperties) = preSolution
		HideSolutionNode = FALSE
	EndGlobalSection
EndGlobal
