
Microsoft Visual Studio Solution File, Format Version 11.00
# Visual Studio 2010
Project("{FAE04EC0-301F-11D3-BF4B-00C04F79EFBC}") = "Give Base4 Dis3 Code", "Give Base4 Dis3 Code\Give Base4 Dis3 Code.csproj", "{C36742CC-9952-4658-93F1-FC930E6F379A}"
EndProject
Global
	GlobalSection(SolutionConfigurationPlatforms) = preSolution
		Debug|x86 = Debug|x86
		Release|x86 = Release|x86
	EndGlobalSection
	GlobalSection(ProjectConfigurationPlatforms) = postSolution
		{C36742CC-9952-4658-93F1-FC930E6F379A}.Debug|x86.ActiveCfg = Debug|x86
		{C36742CC-9952-4658-93F1-FC930E6F379A}.Debug|x86.Build.0 = Debug|x86
		{C36742CC-9952-4658-93F1-FC930E6F379A}.Release|x86.ActiveCfg = Release|x86
		{C36742CC-9952-4658-93F1-FC930E6F379A}.Release|x86.Build.0 = Release|x86
	EndGlobalSection
	GlobalSection(SolutionProperties) = preSolution
		HideSolutionNode = FALSE
	EndGlobalSection
EndGlobal
