
Microsoft Visual Studio Solution File, Format Version 10.00
# Visual Studio 2008
Project("{FAE04EC0-301F-11D3-BF4B-00C04F79EFBC}") = "CS_First_Test", "CS_First_Test\CS_First_Test.csproj", "{9BB2CFA5-B8A2-4C72-970F-054883732191}"
EndProject
Global
	GlobalSection(SolutionConfigurationPlatforms) = preSolution
		Debug|Any CPU = Debug|Any CPU
		Release|Any CPU = Release|Any CPU
	EndGlobalSection
	GlobalSection(ProjectConfigurationPlatforms) = postSolution
		{9BB2CFA5-B8A2-4C72-970F-054883732191}.Debug|Any CPU.ActiveCfg = Debug|Any CPU
		{9BB2CFA5-B8A2-4C72-970F-054883732191}.Debug|Any CPU.Build.0 = Debug|Any CPU
		{9BB2CFA5-B8A2-4C72-970F-054883732191}.Release|Any CPU.ActiveCfg = Release|Any CPU
		{9BB2CFA5-B8A2-4C72-970F-054883732191}.Release|Any CPU.Build.0 = Release|Any CPU
	EndGlobalSection
	GlobalSection(SolutionProperties) = preSolution
		HideSolutionNode = FALSE
	EndGlobalSection
EndGlobal
