
Microsoft Visual Studio Solution File, Format Version 11.00
# Visual Studio 2010
Project("{FAE04EC0-301F-11D3-BF4B-00C04F79EFBC}") = "SimpleWebSite_Test", "SimpleWebSite_Test\SimpleWebSite_Test.csproj", "{D0C2022E-2214-493D-B234-0AC1ED82ACF4}"
EndProject
Global
	GlobalSection(SolutionConfigurationPlatforms) = preSolution
		Debug|x86 = Debug|x86
		Release|x86 = Release|x86
	EndGlobalSection
	GlobalSection(ProjectConfigurationPlatforms) = postSolution
		{D0C2022E-2214-493D-B234-0AC1ED82ACF4}.Debug|x86.ActiveCfg = Debug|x86
		{D0C2022E-2214-493D-B234-0AC1ED82ACF4}.Debug|x86.Build.0 = Debug|x86
		{D0C2022E-2214-493D-B234-0AC1ED82ACF4}.Release|x86.ActiveCfg = Release|x86
		{D0C2022E-2214-493D-B234-0AC1ED82ACF4}.Release|x86.Build.0 = Release|x86
	EndGlobalSection
	GlobalSection(SolutionProperties) = preSolution
		HideSolutionNode = FALSE
	EndGlobalSection
EndGlobal
