
Microsoft Visual Studio Solution File, Format Version 11.00
# Visual Studio 2010
Project("{FAE04EC0-301F-11D3-BF4B-00C04F79EFBC}") = "DWMAPI", "DWMAPI\DWMAPI.csproj", "{2B5706CA-D290-454F-AC7A-4690B66EB8C4}"
EndProject
Global
	GlobalSection(SolutionConfigurationPlatforms) = preSolution
		Debug|x86 = Debug|x86
		Release|x86 = Release|x86
	EndGlobalSection
	GlobalSection(ProjectConfigurationPlatforms) = postSolution
		{2B5706CA-D290-454F-AC7A-4690B66EB8C4}.Debug|x86.ActiveCfg = Debug|x86
		{2B5706CA-D290-454F-AC7A-4690B66EB8C4}.Debug|x86.Build.0 = Debug|x86
		{2B5706CA-D290-454F-AC7A-4690B66EB8C4}.Release|x86.ActiveCfg = Release|x86
		{2B5706CA-D290-454F-AC7A-4690B66EB8C4}.Release|x86.Build.0 = Release|x86
	EndGlobalSection
	GlobalSection(SolutionProperties) = preSolution
		HideSolutionNode = FALSE
	EndGlobalSection
EndGlobal
