
Microsoft Visual Studio Solution File, Format Version 10.00
# Visual Studio 2008
Project("{8BC9CEB8-8B4A-11D0-8D11-00A0C91BC942}") = "NK1035", "NK1035\NK1035.vcproj", "{93FF348E-BBFE-44B1-AEEF-E7C8B9F50FE9}"
EndProject
Global
	GlobalSection(SolutionConfigurationPlatforms) = preSolution
		Debug|Win32 = Debug|Win32
		Release|Win32 = Release|Win32
	EndGlobalSection
	GlobalSection(ProjectConfigurationPlatforms) = postSolution
		{93FF348E-BBFE-44B1-AEEF-E7C8B9F50FE9}.Debug|Win32.ActiveCfg = Debug|Win32
		{93FF348E-BBFE-44B1-AEEF-E7C8B9F50FE9}.Debug|Win32.Build.0 = Debug|Win32
		{93FF348E-BBFE-44B1-AEEF-E7C8B9F50FE9}.Release|Win32.ActiveCfg = Release|Win32
		{93FF348E-BBFE-44B1-AEEF-E7C8B9F50FE9}.Release|Win32.Build.0 = Release|Win32
	EndGlobalSection
	GlobalSection(SolutionProperties) = preSolution
		HideSolutionNode = FALSE
	EndGlobalSection
EndGlobal
