
Microsoft Visual Studio Solution File, Format Version 10.00
# Visual Studio 2008
Project("{FAE04EC0-301F-11D3-BF4B-00C04F79EFBC}") = "DOSSTONED_Certificate_Application", "DOSSTONED_Certificate_Application\DOSSTONED_Certificate_Application.csproj", "{A4F95524-B28C-4209-8A2F-4E242C11E97C}"
EndProject
Global
	GlobalSection(SolutionConfigurationPlatforms) = preSolution
		Debug|Any CPU = Debug|Any CPU
		Release|Any CPU = Release|Any CPU
	EndGlobalSection
	GlobalSection(ProjectConfigurationPlatforms) = postSolution
		{A4F95524-B28C-4209-8A2F-4E242C11E97C}.Debug|Any CPU.ActiveCfg = Debug|Any CPU
		{A4F95524-B28C-4209-8A2F-4E242C11E97C}.Debug|Any CPU.Build.0 = Debug|Any CPU
		{A4F95524-B28C-4209-8A2F-4E242C11E97C}.Release|Any CPU.ActiveCfg = Release|Any CPU
		{A4F95524-B28C-4209-8A2F-4E242C11E97C}.Release|Any CPU.Build.0 = Release|Any CPU
	EndGlobalSection
	GlobalSection(SolutionProperties) = preSolution
		HideSolutionNode = FALSE
	EndGlobalSection
EndGlobal
