
Microsoft Visual Studio Solution File, Format Version 10.00
# Visual Studio 2008
Project("{8BC9CEB8-8B4A-11D0-8D11-00A0C91BC942}") = "NK1249", "NK1249\NK1249.vcproj", "{86DF571C-B6EC-483F-9276-6B5CC0789635}"
EndProject
Global
	GlobalSection(SolutionConfigurationPlatforms) = preSolution
		Debug|Win32 = Debug|Win32
		Release|Win32 = Release|Win32
	EndGlobalSection
	GlobalSection(ProjectConfigurationPlatforms) = postSolution
		{86DF571C-B6EC-483F-9276-6B5CC0789635}.Debug|Win32.ActiveCfg = Debug|Win32
		{86DF571C-B6EC-483F-9276-6B5CC0789635}.Debug|Win32.Build.0 = Debug|Win32
		{86DF571C-B6EC-483F-9276-6B5CC0789635}.Release|Win32.ActiveCfg = Release|Win32
		{86DF571C-B6EC-483F-9276-6B5CC0789635}.Release|Win32.Build.0 = Release|Win32
	EndGlobalSection
	GlobalSection(SolutionProperties) = preSolution
		HideSolutionNode = FALSE
	EndGlobalSection
EndGlobal
