
Microsoft Visual Studio Solution File, Format Version 10.00
# Visual Studio 2008
Project("{8BC9CEB8-8B4A-11D0-8D11-00A0C91BC942}") = "NK1345", "NK1345\NK1345.vcproj", "{538B49BF-9B52-4CA3-ADB2-0314FA154E4D}"
EndProject
Global
	GlobalSection(SolutionConfigurationPlatforms) = preSolution
		Debug|Win32 = Debug|Win32
		Release|Win32 = Release|Win32
	EndGlobalSection
	GlobalSection(ProjectConfigurationPlatforms) = postSolution
		{538B49BF-9B52-4CA3-ADB2-0314FA154E4D}.Debug|Win32.ActiveCfg = Debug|Win32
		{538B49BF-9B52-4CA3-ADB2-0314FA154E4D}.Debug|Win32.Build.0 = Debug|Win32
		{538B49BF-9B52-4CA3-ADB2-0314FA154E4D}.Release|Win32.ActiveCfg = Release|Win32
		{538B49BF-9B52-4CA3-ADB2-0314FA154E4D}.Release|Win32.Build.0 = Release|Win32
	EndGlobalSection
	GlobalSection(SolutionProperties) = preSolution
		HideSolutionNode = FALSE
	EndGlobalSection
EndGlobal
